
Microsoft Visual Studio Solution File, Format Version 12.00
# Visual Studio 15
VisualStudioVersion = 15.0.27703.2047
MinimumVisualStudioVersion = 10.0.40219.1
Project("{8BC9CEB8-8B4A-11D0-8D11-00A0C91BC942}") = "WSPLib", "WSPLib\WSPLib.vcxproj", "{EC9CE599-E5A3-46EA-B0E2-ADBC111A918D}"
EndProject
Project("{8BC9CEB8-8B4A-11D0-8D11-00A0C91BC942}") = "cat", "cat\cat.vcxproj", "{13B34912-6BDC-43E8-B3E0-923731C22A6C}"
EndProject
Global
	GlobalSection(SolutionConfigurationPlatforms) = preSolution
		Debug|x64 = Debug|x64
		Debug|x86 = Debug|x86
		Release|x64 = Release|x64
		Release|x86 = Release|x86
	EndGlobalSection
	GlobalSection(ProjectConfigurationPlatforms) = postSolution
		{EC9CE599-E5A3-46EA-B0E2-ADBC111A918D}.Debug|x64.ActiveCfg = Debug|x64
		{EC9CE599-E5A3-46EA-B0E2-ADBC111A918D}.Debug|x64.Build.0 = Debug|x64
		{EC9CE599-E5A3-46EA-B0E2-ADBC111A918D}.Debug|x86.ActiveCfg = Debug|Win32
		{EC9CE599-E5A3-46EA-B0E2-ADBC111A918D}.Debug|x86.Build.0 = Debug|Win32
		{EC9CE599-E5A3-46EA-B0E2-ADBC111A918D}.Release|x64.ActiveCfg = Release|x64
		{EC9CE599-E5A3-46EA-B0E2-ADBC111A918D}.Release|x64.Build.0 = Release|x64
		{EC9CE599-E5A3-46EA-B0E2-ADBC111A918D}.Release|x86.ActiveCfg = Release|Win32
		{EC9CE599-E5A3-46EA-B0E2-ADBC111A918D}.Release|x86.Build.0 = Release|Win32
		{13B34912-6BDC-43E8-B3E0-923731C22A6C}.Debug|x64.ActiveCfg = Debug|x64
		{13B34912-6BDC-43E8-B3E0-923731C22A6C}.Debug|x64.Build.0 = Debug|x64
		{13B34912-6BDC-43E8-B3E0-923731C22A6C}.Debug|x86.ActiveCfg = Debug|Win32
		{13B34912-6BDC-43E8-B3E0-923731C22A6C}.Debug|x86.Build.0 = Debug|Win32
		{13B34912-6BDC-43E8-B3E0-923731C22A6C}.Release|x64.ActiveCfg = Release|x64
		{13B34912-6BDC-43E8-B3E0-923731C22A6C}.Release|x64.Build.0 = Release|x64
		{13B34912-6BDC-43E8-B3E0-923731C22A6C}.Release|x86.ActiveCfg = Release|Win32
		{13B34912-6BDC-43E8-B3E0-923731C22A6C}.Release|x86.Build.0 = Release|Win32
	EndGlobalSection
	GlobalSection(SolutionProperties) = preSolution
		HideSolutionNode = FALSE
	EndGlobalSection
	GlobalSection(ExtensibilityGlobals) = postSolution
		SolutionGuid = {C939EB67-664B-418C-931A-FFAA553DCB69}
	EndGlobalSection
EndGlobal
